hash: badee4440510694d3547e3d21b917ced66717a19e791df3e0ef4c6837622ec46
updated: 2016-03-18T08:41:24.546512238-05:00
imports:
- name: ./...
  version: ""
- name: github.com/boltdb/bolt
  version: 0fd4c0547d204c7b1cad6db6f3adad5f2cf453e5
- name: github.com/labstack/echo
  version: 3946a1839c7c7003936cb36f1abcb85042047d6f
  subpackages:
  - engine/standard
  - middleware
  - engine
- name: github.com/labstack/gommon
  version: c7a42f4800da9d39225ce15411f48288d622e517
  subpackages:
  - log
  - color
- name: github.com/mattn/go-colorable
  version: 9cbef7c35391cca05f15f8181dc0b18bc9736dbb
- name: github.com/mattn/go-isatty
  version: 56b76bdf51f7708750eac80fa38b952bb9f32639
- name: golang.org/x/net
  version: 35b06af0720201bc2f326773a80767387544f8c4
  subpackages:
  - context
- name: golang.org/x/sys
  version: 9d4e42a20653790449273b3c85e67d6d8bae6e2e
  subpackages:
  - unix
devImports: []
